#MicroXplorer Configuration settings - do not modify
Mcu.Family=STM32L4
ProjectManager.MainLocation=Core/Src
PB13.GPIOParameters=GPIO_Label
PA6.Mode=Single Bank 1
USB_DEVICE.CLASS_NAME_FS=CDC
RCC.USART1Freq_Value=16000000
RCC.SAI1Freq_Value=13714285.714285715
RCC.CortexFreq_Value=16000000
SPI3.Direction=SPI_DIRECTION_2LINES
SPI3.VirtualType=VM_MASTER
ProjectManager.KeepUserCode=true
Mcu.UserName=STM32L452RETx
QUADSPI.ClockPrescaler=1
NVIC.USB_IRQn=true\:0\:0\:false\:false\:true\:false\:true
PB10.Mode=Single Bank 1
PC12.Locked=true
USART1.BaudRate=115200
PC10.Signal=SPI3_SCK
PC12.Signal=GPIO_Output
PB14.GPIO_Label=LED1
RCC.PLLSAI1RoutputFreq_Value=48000000
PA0.GPIO_Label=ACC_DRDY
ProjectManager.functionlistsort=1-MX_GPIO_Init-GPIO-false-HAL-true,2-SystemClock_Config-RCC-false-HAL-false,3-MX_SPI3_Init-SPI3-false-HAL-true,4-MX_USART1_UART_Init-USART1-false-HAL-true,5-MX_QUADSPI_Init-QUADSPI-false-HAL-true,6-MX_TIM6_Init-TIM6-false-HAL-true,7-MX_USB_DEVICE_Init-USB_DEVICE-false-HAL-false
PA11.Mode=Device
PB6.GPIO_Label=ADS_CS
RCC.USART2Freq_Value=16000000
PA15\ (JTDI).Signal=SYS_JTDI
PD2.Locked=true
PD2.GPIOParameters=PinState,GPIO_Label
PC15-OSC32_OUT\ (PC15).Mode=LSE-External-Oscillator
USART1.IPParameters=VirtualMode-Asynchronous,BaudRate
PB13.GPIO_Label=LED2
PB7.GPIO_ModeDefaultEXTI=GPIO_MODE_IT_FALLING
PB11.Signal=QUADSPI_BK1_NCS
PB13.Signal=GPIO_Output
PinOutPanel.RotationAngle=0
RCC.MCO1PinFreq_Value=16000000
RCC.SYSCLKSource=RCC_SYSCLKSOURCE_HSI
ProjectManager.StackSize=0x400
PB5.GPIOParameters=GPIO_Label
PC14-OSC32_IN\ (PC14).Mode=LSE-External-Oscillator
RCC.I2C3Freq_Value=16000000
RCC.LPTIM1Freq_Value=16000000
Mcu.IP4=SYS
SH.GPXTI7.ConfNb=1
RCC.FCLKCortexFreq_Value=16000000
Mcu.IP5=TIM6
NVIC.SVCall_IRQn=true\:0\:0\:false\:false\:true\:false\:false
Mcu.IP2=RCC
Mcu.IP3=SPI3
Mcu.IP0=NVIC
PA15\ (JTDI).Mode=JTAG_4_pins
PA14\ (JTCK/SWCLK).Signal=SYS_JTCK-SWCLK
Mcu.IP1=QUADSPI
PA12.Signal=USB_DP
Mcu.UserConstants=
RCC.VCOSAI1OutputFreq_Value=96000000
RCC.SDMMCFreq_Value=48000000
Mcu.ThirdPartyNb=0
RCC.HCLKFreq_Value=16000000
RCC.I2C4Freq_Value=16000000
Mcu.IPNb=9
ProjectManager.PreviousToolchain=
RCC.APB2TimFreq_Value=16000000
PB6.Signal=GPIO_Output
Mcu.Pin6=PB0
Mcu.Pin7=PB1
Mcu.Pin8=PB10
Mcu.Pin9=PB11
QUADSPI.FlashSize=22
RCC.AHBFreq_Value=16000000
PB13.Locked=true
Mcu.Pin0=PC14-OSC32_IN (PC14)
SPI3.DataSize=SPI_DATASIZE_8BIT
Mcu.Pin1=PC15-OSC32_OUT (PC15)
GPIO.groupedBy=Group By Peripherals
Mcu.Pin2=PA0
Mcu.Pin3=PA6
RCC.USART3Freq_Value=16000000
Mcu.Pin4=PA7
Mcu.Pin5=PC4
ProjectManager.ProjectBuild=false
RCC.HSE_VALUE=8000000
NVIC.UsageFault_IRQn=true\:0\:0\:false\:false\:true\:false\:false
PA0.Locked=true
NVIC.DebugMonitor_IRQn=true\:0\:0\:false\:false\:true\:false\:false
NVIC.SysTick_IRQn=true\:0\:0\:false\:false\:true\:false\:true
SH.GPXTI7.0=GPIO_EXTI7
ProjectManager.FirmwarePackage=STM32Cube FW_L4 V1.17.0
MxDb.Version=DB.6.0.21
ProjectManager.BackupPrevious=false
RCC.VCOInputFreq_Value=4000000
PC4.GPIO_Label=ACC_CS
PB5.Mode=Full_Duplex_Master
File.Version=6
PB7.Signal=GPXTI7
PB8.Locked=true
PA14\ (JTCK/SWCLK).Mode=JTAG_4_pins
RCC.PLLRCLKFreq_Value=15000000
PB6.Locked=true
NVIC.PendSV_IRQn=true\:0\:0\:false\:false\:true\:false\:false
PB6.GPIOParameters=PinState,GPIO_Label
ProjectManager.HalAssertFull=false
ProjectManager.ProjectName=ACE_Beta
PA0.Signal=GPXTI0
PB7.GPIO_Label=ADS_DRDY
PB4\ (NJTRST).Locked=true
Mcu.Package=LQFP64
PB9.Signal=GPIO_Output
PB1.Signal=QUADSPI_BK1_IO0
PA6.Signal=QUADSPI_BK1_IO3
SPI3.Mode=SPI_MODE_MASTER
ProjectManager.ToolChainLocation=
RCC.LSI_VALUE=32000
SH.GPXTI0.0=GPIO_EXTI0
VP_SYS_VS_Systick.Signal=SYS_VS_Systick
RCC.LSCOPinFreq_Value=32000
PA10.Signal=USART1_RX
VP_USB_DEVICE_VS_USB_DEVICE_CDC_FS.Signal=USB_DEVICE_VS_USB_DEVICE_CDC_FS
RCC.DFSDMFreq_Value=16000000
PB14.GPIOParameters=GPIO_Label
PC14-OSC32_IN\ (PC14).Locked=true
PB5.GPIO_Label=ADS_MOSI
RCC.PLLPoutputFreq_Value=17142857.14285714
RCC.APB1TimFreq_Value=16000000
NVIC.BusFault_IRQn=true\:0\:0\:false\:false\:true\:false\:false
PC4.Locked=true
RCC.LPUART1Freq_Value=16000000
SPI3.IPParameters=VirtualType,Mode,Direction,CalculateBaudRate,DataSize,BaudRatePrescaler,CLKPhase
ProjectManager.CustomerFirmwarePackage=
PC4.GPIOParameters=PinState,GPIO_Label
RCC.HSI48_VALUE=48000000
RCC.PLLSAI1N=24
RCC.MSI_VALUE=4000000
RCC.PLLQoutputFreq_Value=60000000
ProjectManager.ProjectFileName=ACE_Beta.ioc
PB8.GPIOParameters=GPIO_Label
PA7.Mode=Single Bank 1
PA13\ (JTMS/SWDIO).Mode=JTAG_4_pins
PB9.GPIO_Label=ADS_RST
Mcu.PinsNb=32
PA10.Mode=Asynchronous
PC4.PinState=GPIO_PIN_SET
ProjectManager.NoMain=false
USB_DEVICE.VirtualModeFS=Cdc_FS
TIM6.Prescaler=16
PC4.Signal=GPIO_Output
PC10.Mode=Full_Duplex_Master
VP_TIM6_VS_ClockSourceINT.Mode=Enable_Timer
SH.GPXTI0.ConfNb=1
ProjectManager.DefaultFWLocation=true
PC15-OSC32_OUT\ (PC15).Signal=RCC_OSC32_OUT
ProjectManager.DeletePrevious=true
PB14.Locked=true
PB10.Locked=true
USB_DEVICE.IPParameters=VirtualMode,VirtualModeFS,CLASS_NAME_FS,APP_RX_DATA_SIZE
QUADSPI.IPParameters=ClockPrescaler,FlashSize
RCC.FamilyName=M
PB9.GPIOParameters=PinState,GPIO_Label
VP_TIM6_VS_ClockSourceINT.Signal=TIM6_VS_ClockSourceINT
PC12.GPIOParameters=PinState,GPIO_Label
USART1.VirtualMode-Asynchronous=VM_ASYNC
PB8.GPIO_Label=ADS_START
PB4\ (NJTRST).GPIOParameters=GPIO_Label
PA9.Mode=Asynchronous
TIM6.IPParameters=Prescaler
PB11.Mode=Single Bank 1
PC12.PinState=GPIO_PIN_SET
PB3\ (JTDO/TRACESWO).Signal=SYS_JTDO-SWO
ProjectManager.TargetToolchain=STM32CubeIDE
PB7.GPIOParameters=GPIO_Label,GPIO_ModeDefaultEXTI
VP_USB_DEVICE_VS_USB_DEVICE_CDC_FS.Mode=CDC_FS
PA9.Signal=USART1_TX
PB5.Locked=true
PB9.Locked=true
ProjectManager.RegisterCallBack=
PC15-OSC32_OUT\ (PC15).Locked=true
RCC.USBFreq_Value=48000000
RCC.PLLSAI1PoutputFreq_Value=13714285.714285715
PB10.Signal=QUADSPI_CLK
PB14.Signal=GPIO_Output
PD2.PinState=GPIO_PIN_SET
PB0.Mode=Single Bank 1
board=custom
SPI3.CLKPhase=SPI_PHASE_2EDGE
RCC.VCOOutputFreq_Value=120000000
ProjectManager.LastFirmware=true
RCC.APB2Freq_Value=16000000
RCC.UART4Freq_Value=16000000
SPI3.CalculateBaudRate=2.0 MBits/s
MxCube.Version=6.2.1
RCC.I2C1Freq_Value=16000000
RCC.RNGFreq_Value=48000000
RCC.PLLSAI1QoutputFreq_Value=48000000
Mcu.Pin30=VP_TIM6_VS_ClockSourceINT
RCC.ADCFreq_Value=48000000
SPI3.BaudRatePrescaler=SPI_BAUDRATEPRESCALER_8
VP_SYS_VS_Systick.Mode=SysTick
Mcu.Pin31=VP_USB_DEVICE_VS_USB_DEVICE_CDC_FS
NVIC.NonMaskableInt_IRQn=true\:0\:0\:false\:false\:true\:false\:false
PB4\ (NJTRST).Mode=Full_Duplex_Master
ProjectManager.FreePins=false
RCC.IPParameters=ADCFreq_Value,AHBFreq_Value,APB1Freq_Value,APB1TimFreq_Value,APB2Freq_Value,APB2TimFreq_Value,CortexFreq_Value,DFSDMFreq_Value,FCLKCortexFreq_Value,FamilyName,HCLKFreq_Value,HSE_VALUE,HSI48_VALUE,HSI_VALUE,I2C1Freq_Value,I2C2Freq_Value,I2C3Freq_Value,I2C4Freq_Value,LPTIM1Freq_Value,LPTIM2Freq_Value,LPUART1Freq_Value,LSCOPinFreq_Value,LSI_VALUE,MCO1PinFreq_Value,MSI_VALUE,PLLN,PLLPoutputFreq_Value,PLLQoutputFreq_Value,PLLR,PLLRCLKFreq_Value,PLLSAI1N,PLLSAI1PoutputFreq_Value,PLLSAI1QoutputFreq_Value,PLLSAI1RoutputFreq_Value,PWRFreq_Value,RNGFreq_Value,SAI1Freq_Value,SDMMCFreq_Value,SYSCLKFreq_VALUE,SYSCLKSource,UART4Freq_Value,USART1Freq_Value,USART2Freq_Value,USART3Freq_Value,USBFreq_Value,VCOInputFreq_Value,VCOOutputFreq_Value,VCOSAI1OutputFreq_Value
ProjectManager.AskForMigrate=true
Mcu.Name=STM32L452R(C-E)Tx
RCC.LPTIM2Freq_Value=16000000
Mcu.Pin26=PB7
Mcu.Pin27=PB8
Mcu.Pin24=PB5
ProjectManager.UnderRoot=true
Mcu.Pin25=PB6
Mcu.IP8=USB_DEVICE
Mcu.Pin28=PB9
Mcu.IP6=USART1
Mcu.Pin29=VP_SYS_VS_Systick
Mcu.IP7=USB
ProjectManager.CoupleFile=false
NVIC.EXTI0_IRQn=true\:0\:0\:false\:false\:true\:true\:true
RCC.SYSCLKFreq_VALUE=16000000
PB5.Signal=SPI3_MOSI
Mcu.Pin22=PB3 (JTDO/TRACESWO)
Mcu.Pin23=PB4 (NJTRST)
Mcu.Pin20=PC12
Mcu.Pin21=PD2
PA12.Mode=Device
NVIC.ForceEnableDMAVector=true
KeepUserPlacement=false
PC14-OSC32_IN\ (PC14).Signal=RCC_OSC32_IN
NVIC.MemoryManagement_IRQn=true\:0\:0\:false\:false\:true\:false\:false
PC12.GPIO_Label=ADS_PWDN
ProjectManager.CompilerOptimize=6
PB6.PinState=GPIO_PIN_SET
PB9.PinState=GPIO_PIN_SET
PA11.Signal=USB_DM
NVIC.EXTI9_5_IRQn=true\:0\:0\:true\:false\:true\:true\:true
ProjectManager.HeapSize=0x200
PA0.GPIOParameters=GPIO_Label
Mcu.Pin15=PA12
NVIC.HardFault_IRQn=true\:0\:0\:false\:false\:true\:false\:false
Mcu.Pin16=PA13 (JTMS/SWDIO)
PB1.Mode=Single Bank 1
Mcu.Pin13=PA10
Mcu.Pin14=PA11
Mcu.Pin19=PC10
ProjectManager.ComputerToolchain=false
Mcu.Pin17=PA14 (JTCK/SWCLK)
RCC.HSI_VALUE=16000000
Mcu.Pin18=PA15 (JTDI)
NVIC.PriorityGroup=NVIC_PRIORITYGROUP_4
RCC.PLLR=RCC_PLLR_DIV8
Mcu.Pin11=PB14
Mcu.Pin12=PA9
RCC.PLLN=30
PB3\ (JTDO/TRACESWO).Mode=JTAG_4_pins
Mcu.Pin10=PB13
USB_DEVICE.APP_RX_DATA_SIZE=8
PB7.Locked=true
PB8.Signal=GPIO_Output
RCC.PWRFreq_Value=16000000
PB4\ (NJTRST).GPIO_Label=ADS_MISO
PD2.Signal=GPIO_Output
RCC.I2C2Freq_Value=16000000
RCC.APB1Freq_Value=16000000
PB0.Signal=QUADSPI_BK1_IO1
USB_DEVICE.VirtualMode=Cdc
PB11.Locked=true
ProjectManager.DeviceId=STM32L452RETx
PD2.GPIO_Label=APWR_EN
ProjectManager.LibraryCopy=1
PA13\ (JTMS/SWDIO).Signal=SYS_JTMS-SWDIO
PA7.Signal=QUADSPI_BK1_IO2
PB4\ (NJTRST).Signal=SPI3_MISO
isbadioc=false
