#MicroXplorer Configuration settings - do not modify
Mcu.Family=STM32L4
ProjectManager.MainLocation=Core/Src
PA2.GPIO_PuPd=GPIO_NOPULL
PA6.Mode=Full_Duplex_Master
RCC.USART1Freq_Value=80000000
PA14\ (JTCK/SWCLK).GPIOParameters=GPIO_Label
RCC.SAI1Freq_Value=18285714.285714287
USART2.IPParameters=VirtualMode-Asynchronous
RCC.CortexFreq_Value=80000000
ProjectManager.KeepUserCode=true
Mcu.UserName=STM32L452RETx
SPI1.VirtualType=VM_MASTER
PH0-OSC_IN\ (PH0).Signal=RCC_OSC_IN
PH0-OSC_IN\ (PH0).Locked=true
RCC.PLLSAI1RoutputFreq_Value=64000000
PC7.Locked=true
PA3.GPIO_PuPd=GPIO_NOPULL
ProjectManager.functionlistsort=1-MX_GPIO_Init-GPIO-false-HAL-true,2-SystemClock_Config-RCC-false-HAL-false,3-MX_USART2_UART_Init-USART2-false-HAL-true,4-MX_SPI1_Init-SPI1-false-HAL-true
PA2.GPIO_Speed=GPIO_SPEED_FREQ_VERY_HIGH
PA3.GPIOParameters=GPIO_Speed,GPIO_PuPd,GPIO_Label,GPIO_Mode
RCC.USART2Freq_Value=80000000
PC15-OSC32_OUT\ (PC15).Mode=LSE-External-Oscillator
PC13.GPIO_Label=B1 [Blue PushButton]
PA3.GPIO_Speed=GPIO_SPEED_FREQ_VERY_HIGH
PB3\ (JTDO/TRACESWO).GPIOParameters=GPIO_Label
PA2.GPIOParameters=GPIO_Speed,GPIO_PuPd,GPIO_Label,GPIO_Mode
PinOutPanel.RotationAngle=0
RCC.MCO1PinFreq_Value=80000000
RCC.SYSCLKSource=RCC_SYSCLKSOURCE_PLLCLK
ProjectManager.StackSize=0x400
PC14-OSC32_IN\ (PC14).Mode=LSE-External-Oscillator
SH.GPXTI13.0=GPIO_EXTI13
RCC.I2C3Freq_Value=80000000
RCC.LPTIM1Freq_Value=80000000
Mcu.IP4=USART2
SH.GPXTI7.ConfNb=1
RCC.FCLKCortexFreq_Value=80000000
NVIC.SVCall_IRQn=true\:0\:0\:false\:false\:true\:true\:false
Mcu.IP2=SPI1
Mcu.IP3=SYS
Mcu.IP0=NVIC
PA14\ (JTCK/SWCLK).Signal=SYS_JTCK-SWCLK
Mcu.IP1=RCC
Mcu.UserConstants=
RCC.VCOSAI1OutputFreq_Value=128000000
RCC.SDMMCFreq_Value=64000000
SH.GPXTI13.ConfNb=1
Mcu.ThirdPartyNb=0
SPI1.Direction=SPI_DIRECTION_2LINES
RCC.HCLKFreq_Value=80000000
RCC.I2C4Freq_Value=80000000
Mcu.IPNb=5
ProjectManager.PreviousToolchain=
RCC.APB2TimFreq_Value=80000000
PB6.Signal=GPIO_Output
PC7.Signal=GPXTI7
SPI1.CalculateBaudRate=5.0 MBits/s
Mcu.Pin6=PA3
Mcu.Pin7=PA5
Mcu.Pin8=PA6
Mcu.Pin9=PA7
RCC.AHBFreq_Value=80000000
RCC.PREFETCH_ENABLE=1
Mcu.Pin0=PC13
Mcu.Pin1=PC14-OSC32_IN (PC14)
Mcu.Pin2=PC15-OSC32_OUT (PC15)
Mcu.Pin3=PH0-OSC_IN (PH0)
RCC.USART3Freq_Value=80000000
Mcu.Pin4=PH1-OSC_OUT (PH1)
Mcu.Pin5=PA2
ProjectManager.ProjectBuild=false
RCC.HSE_VALUE=8000000
NVIC.UsageFault_IRQn=true\:0\:0\:false\:false\:true\:true\:false
NVIC.DebugMonitor_IRQn=true\:0\:0\:false\:false\:true\:true\:false
USART2.VirtualMode-Asynchronous=VM_ASYNC
NVIC.SysTick_IRQn=true\:0\:0\:false\:false\:true\:true\:true
SH.GPXTI7.0=GPIO_EXTI7
ProjectManager.FirmwarePackage=STM32Cube FW_L4 V1.16.0
MxDb.Version=DB.6.0.10
PA13\ (JTMS/SWDIO).GPIO_Label=TMS
ProjectManager.BackupPrevious=false
RCC.VCOInputFreq_Value=16000000
SPI1.DataSize=SPI_DATASIZE_8BIT
File.Version=6
PC13.GPIO_PuPd=GPIO_NOPULL
PA14\ (JTCK/SWCLK).Mode=Serial_Wire
RCC.PLLRCLKFreq_Value=80000000
PB6.Locked=true
NVIC.PendSV_IRQn=true\:0\:0\:false\:false\:true\:true\:false
PA13\ (JTMS/SWDIO).Locked=true
PB6.GPIOParameters=PinState
ProjectManager.HalAssertFull=false
ProjectManager.ProjectName=ADXL_Test
Mcu.Package=LQFP64
PA6.Signal=SPI1_MISO
PA5.Locked=true
ProjectManager.ToolChainLocation=
PA2.GPIO_Label=USART_TX
PA14\ (JTCK/SWCLK).Locked=true
RCC.LSI_VALUE=32000
VP_SYS_VS_Systick.Signal=SYS_VS_Systick
RCC.LSCOPinFreq_Value=32000
RCC.DFSDMFreq_Value=80000000
PC14-OSC32_IN\ (PC14).Locked=true
PA14\ (JTCK/SWCLK).GPIO_Label=TCK
RCC.PLLPoutputFreq_Value=22857142.85714286
RCC.APB1TimFreq_Value=80000000
NVIC.BusFault_IRQn=true\:0\:0\:false\:false\:true\:true\:false
RCC.LPUART1Freq_Value=80000000
SPI1.BaudRatePrescaler=SPI_BAUDRATEPRESCALER_16
ProjectManager.CustomerFirmwarePackage=
RCC.HSI48_VALUE=48000000
PA3.Signal=USART2_RX
PA5.Mode=Full_Duplex_Master
PA2.GPIO_Mode=GPIO_MODE_AF_PP
PA2.Locked=true
PB3\ (JTDO/TRACESWO).GPIO_Label=SWO
RCC.MSI_VALUE=4000000
RCC.PLLSourceVirtual=RCC_PLLSOURCE_HSI
RCC.PLLQoutputFreq_Value=80000000
ProjectManager.ProjectFileName=ADXL_Test.ioc
PA7.Mode=Full_Duplex_Master
PA13\ (JTMS/SWDIO).Mode=Serial_Wire
Mcu.PinsNb=16
ProjectManager.NoMain=false
SPI1.IPParameters=VirtualType,Mode,Direction,CalculateBaudRate,DataSize,BaudRatePrescaler
PC13.Locked=true
PC13.Signal=GPXTI13
RCC.SWPMI1Freq_Value=80000000
ProjectManager.DefaultFWLocation=true
PC15-OSC32_OUT\ (PC15).Signal=RCC_OSC32_OUT
ProjectManager.DeletePrevious=true
RCC.VCOSAI2OutputFreq_Value=128000000
boardIOC=true
PA13\ (JTMS/SWDIO).GPIOParameters=GPIO_Label
RCC.FamilyName=M
PH1-OSC_OUT\ (PH1).Signal=RCC_OSC_OUT
PA3.Mode=Asynchronous
PB3\ (JTDO/TRACESWO).Locked=true
PB3\ (JTDO/TRACESWO).Signal=SYS_JTDO-SWO
ProjectManager.TargetToolchain=STM32CubeIDE
PA3.GPIO_Mode=GPIO_MODE_AF_PP
ProjectManager.RegisterCallBack=
PC15-OSC32_OUT\ (PC15).Locked=true
RCC.USBFreq_Value=64000000
RCC.PLLSAI1PoutputFreq_Value=18285714.285714287
PA5.Signal=SPI1_SCK
PH1-OSC_OUT\ (PH1).Locked=true
board=NUCLEO-L452RE
RCC.VCOOutputFreq_Value=160000000
ProjectManager.LastFirmware=true
RCC.APB2Freq_Value=80000000
RCC.UART4Freq_Value=80000000
MxCube.Version=6.1.1
RCC.I2C1Freq_Value=80000000
SPI1.Mode=SPI_MODE_MASTER
PC13.GPIOParameters=GPIO_PuPd,GPIO_Label,GPIO_ModeDefaultEXTI
RCC.RNGFreq_Value=64000000
RCC.PLLSAI1QoutputFreq_Value=64000000
RCC.ADCFreq_Value=64000000
VP_SYS_VS_Systick.Mode=SysTick
NVIC.NonMaskableInt_IRQn=true\:0\:0\:false\:false\:true\:true\:false
RCC.UART5Freq_Value=80000000
ProjectManager.FreePins=false
RCC.IPParameters=ADCFreq_Value,AHBFreq_Value,APB1Freq_Value,APB1TimFreq_Value,APB2Freq_Value,APB2TimFreq_Value,CortexFreq_Value,DFSDMFreq_Value,FCLKCortexFreq_Value,FamilyName,HCLKFreq_Value,HSE_VALUE,HSI48_VALUE,HSI_VALUE,I2C1Freq_Value,I2C2Freq_Value,I2C3Freq_Value,I2C4Freq_Value,LPTIM1Freq_Value,LPTIM2Freq_Value,LPUART1Freq_Value,LSCOPinFreq_Value,LSI_VALUE,MCO1PinFreq_Value,MSI_VALUE,PLLN,PLLPoutputFreq_Value,PLLQoutputFreq_Value,PLLRCLKFreq_Value,PLLSAI1PoutputFreq_Value,PLLSAI1QoutputFreq_Value,PLLSAI1RoutputFreq_Value,PLLSourceVirtual,PREFETCH_ENABLE,PWRFreq_Value,RNGFreq_Value,SAI1Freq_Value,SDMMCFreq_Value,SWPMI1Freq_Value,SYSCLKFreq_VALUE,SYSCLKSource,UART4Freq_Value,UART5Freq_Value,USART1Freq_Value,USART2Freq_Value,USART3Freq_Value,USBFreq_Value,VCOInputFreq_Value,VCOOutputFreq_Value,VCOSAI1OutputFreq_Value,VCOSAI2OutputFreq_Value
ProjectManager.AskForMigrate=true
Mcu.Name=STM32L452R(C-E)Tx
RCC.LPTIM2Freq_Value=80000000
PA2.Signal=USART2_TX
ProjectManager.UnderRoot=true
ProjectManager.CoupleFile=false
RCC.SYSCLKFreq_VALUE=80000000
PA3.Locked=true
NVIC.ForceEnableDMAVector=true
KeepUserPlacement=false
PC13.GPIO_ModeDefaultEXTI=GPIO_MODE_IT_FALLING
PC14-OSC32_IN\ (PC14).Signal=RCC_OSC32_IN
NVIC.MemoryManagement_IRQn=true\:0\:0\:false\:false\:true\:true\:false
ProjectManager.CompilerOptimize=6
PB6.PinState=GPIO_PIN_SET
NVIC.EXTI9_5_IRQn=true\:0\:0\:false\:false\:true\:true\:true
ProjectManager.HeapSize=0x200
Mcu.Pin15=VP_SYS_VS_Systick
NVIC.HardFault_IRQn=true\:0\:0\:false\:false\:true\:true\:false
Mcu.Pin13=PB3 (JTDO/TRACESWO)
Mcu.Pin14=PB6
ProjectManager.ComputerToolchain=false
RCC.HSI_VALUE=16000000
NVIC.PriorityGroup=NVIC_PRIORITYGROUP_4
Mcu.Pin11=PA13 (JTMS/SWDIO)
Mcu.Pin12=PA14 (JTCK/SWCLK)
RCC.PLLN=10
Mcu.Pin10=PC7
PA2.Mode=Asynchronous
RCC.PWRFreq_Value=80000000
RCC.I2C2Freq_Value=80000000
RCC.APB1Freq_Value=80000000
ProjectManager.DeviceId=STM32L452RETx
ProjectManager.LibraryCopy=1
PA13\ (JTMS/SWDIO).Signal=SYS_JTMS-SWDIO
PA3.GPIO_Label=USART_RX
PA7.Signal=SPI1_MOSI
